
Microsoft Visual Studio Solution File, Format Version 12.00
# Visual Studio Version 17
VisualStudioVersion = 17.3.32825.248
MinimumVisualStudioVersion = 10.0.40219.1
Project("{8BC9CEB8-8B4A-11D0-8D11-00A0C91BC942}") = "PA3", "PA3.vcxproj", "{62FC9B78-ED73-4995-98FD-7CE62049DE48}"
EndProject
Global
	GlobalSection(SolutionConfigurationPlatforms) = preSolution
		Debug|x64 = Debug|x64
		Debug|x86 = Debug|x86
		Release|x64 = Release|x64
		Release|x86 = Release|x86
	EndGlobalSection
	GlobalSection(ProjectConfigurationPlatforms) = postSolution
		{62FC9B78-ED73-4995-98FD-7CE62049DE48}.Debug|x64.ActiveCfg = Debug|x64
		{62FC9B78-ED73-4995-98FD-7CE62049DE48}.Debug|x64.Build.0 = Debug|x64
		{62FC9B78-ED73-4995-98FD-7CE62049DE48}.Debug|x86.ActiveCfg = Debug|Win32
		{62FC9B78-ED73-4995-98FD-7CE62049DE48}.Debug|x86.Build.0 = Debug|Win32
		{62FC9B78-ED73-4995-98FD-7CE62049DE48}.Release|x64.ActiveCfg = Release|x64
		{62FC9B78-ED73-4995-98FD-7CE62049DE48}.Release|x64.Build.0 = Release|x64
		{62FC9B78-ED73-4995-98FD-7CE62049DE48}.Release|x86.ActiveCfg = Release|Win32
		{62FC9B78-ED73-4995-98FD-7CE62049DE48}.Release|x86.Build.0 = Release|Win32
	EndGlobalSection
	GlobalSection(SolutionProperties) = preSolution
		HideSolutionNode = FALSE
	EndGlobalSection
	GlobalSection(ExtensibilityGlobals) = postSolution
		SolutionGuid = {F209E4E7-1FA8-4D83-8F7C-002CA5446DE0}
	EndGlobalSection
EndGlobal
